// !$*UTF8*$!
{
	archiveVersion = 1;
	classes = {
	};
	objectVersion = 46;
	objects = {

/* Begin PBXBuildFile section */
		63140A8426ACAB8100727916 /* SamplingType.swift in Sources */ = {isa = PBXBuildFile; fileRef = 63140A8326ACAB8100727916 /* SamplingType.swift */; };
		6372C1CC269397AC00D9FC11 /* Util.swift in Sources */ = {isa = PBXBuildFile; fileRef = 6372C1CB269397AC00D9FC11 /* Util.swift */; };
		6372C1D82695C38E00D9FC11 /* ImageTypes.swift in Sources */ = {isa = PBXBuildFile; fileRef = 6372C1D72695C38E00D9FC11 /* ImageTypes.swift */; };
		637D7BEC1A9E761A00DD1633 /* spharmDocument.icns in Resources */ = {isa = PBXBuildFile; fileRef = 637D7BEB1A9E761A00DD1633 /* spharmDocument.icns */; };
		63BF50391A89837C006F41A9 /* Matrix.swift in Sources */ = {isa = PBXBuildFile; fileRef = 63BF50381A89837C006F41A9 /* Matrix.swift */; };
		63C0B1EE1AA1E40300035E53 /* compute-cubemap.png in Resources */ = {isa = PBXBuildFile; fileRef = 63C0B1EA1AA1E40300035E53 /* compute-cubemap.png */; };
		63C0B1EF1AA1E40300035E53 /* compute-irradiance.png in Resources */ = {isa = PBXBuildFile; fileRef = 63C0B1EB1AA1E40300035E53 /* compute-irradiance.png */; };
		63C0B1F01AA1E40300035E53 /* compute-sh.png in Resources */ = {isa = PBXBuildFile; fileRef = 63C0B1EC1AA1E40300035E53 /* compute-sh.png */; };
		63C0B1F11AA1E40300035E53 /* save-spheremap.png in Resources */ = {isa = PBXBuildFile; fileRef = 63C0B1ED1AA1E40300035E53 /* save-spheremap.png */; };
		63D490E71A85865F00532F62 /* CubeMap.swift in Sources */ = {isa = PBXBuildFile; fileRef = 63D490E61A85865F00532F62 /* CubeMap.swift */; };
		63D490E91A860C8A00532F62 /* ImageSampler.swift in Sources */ = {isa = PBXBuildFile; fileRef = 63D490E81A860C8A00532F62 /* ImageSampler.swift */; };
		63D490EC1A86CCF400532F62 /* Vector.swift in Sources */ = {isa = PBXBuildFile; fileRef = 63D490EB1A86CCF400532F62 /* Vector.swift */; };
		63D490EE1A86D64700532F62 /* Math.swift in Sources */ = {isa = PBXBuildFile; fileRef = 63D490ED1A86D64700532F62 /* Math.swift */; };
		63D490F01A86DF8300532F62 /* Spherical.swift in Sources */ = {isa = PBXBuildFile; fileRef = 63D490EF1A86DF8300532F62 /* Spherical.swift */; };
		63D490F21A87829C00532F62 /* SphericalHarmonics.swift in Sources */ = {isa = PBXBuildFile; fileRef = 63D490F11A87829C00532F62 /* SphericalHarmonics.swift */; };
		63E2EDA41A9A51540002216C /* Color.swift in Sources */ = {isa = PBXBuildFile; fileRef = 63E2EDA31A9A51540002216C /* Color.swift */; };
		63E37EC4269CCB290067C029 /* SideCrossCubeMap.swift in Sources */ = {isa = PBXBuildFile; fileRef = 63E37EC3269CCB290067C029 /* SideCrossCubeMap.swift */; };
		63E37ECA269F85E30067C029 /* Rgbe.swift in Sources */ = {isa = PBXBuildFile; fileRef = 63E37EC9269F85E30067C029 /* Rgbe.swift */; };
		63EFEBDC1A82DC2C00002886 /* AppDelegate.swift in Sources */ = {isa = PBXBuildFile; fileRef = 63EFEBDB1A82DC2C00002886 /* AppDelegate.swift */; };
		63EFEBDE1A82DC2C00002886 /* Document.swift in Sources */ = {isa = PBXBuildFile; fileRef = 63EFEBDD1A82DC2C00002886 /* Document.swift */; };
		63EFEBE11A82DC2C00002886 /* Document.xib in Resources */ = {isa = PBXBuildFile; fileRef = 63EFEBDF1A82DC2C00002886 /* Document.xib */; };
		63EFEBE31A82DC2C00002886 /* Images.xcassets in Resources */ = {isa = PBXBuildFile; fileRef = 63EFEBE21A82DC2C00002886 /* Images.xcassets */; };
		63EFEBE61A82DC2C00002886 /* MainMenu.xib in Resources */ = {isa = PBXBuildFile; fileRef = 63EFEBE41A82DC2C00002886 /* MainMenu.xib */; };
		63EFEBF21A82DC2C00002886 /* HarmonikrTests.swift in Sources */ = {isa = PBXBuildFile; fileRef = 63EFEBF11A82DC2C00002886 /* HarmonikrTests.swift */; };
		63EFEBFD1A8425BE00002886 /* SphereMap.swift in Sources */ = {isa = PBXBuildFile; fileRef = 63EFEBFC1A8425BE00002886 /* SphereMap.swift */; };
		63F262B126ADCA8A00812E15 /* Image+Ext.swift in Sources */ = {isa = PBXBuildFile; fileRef = 63F262B026ADCA8A00812E15 /* Image+Ext.swift */; };
/* End PBXBuildFile section */

/* Begin PBXContainerItemProxy section */
		63EFEBEC1A82DC2C00002886 /* PBXContainerItemProxy */ = {
			isa = PBXContainerItemProxy;
			containerPortal = 63EFEBCE1A82DC2C00002886 /* Project object */;
			proxyType = 1;
			remoteGlobalIDString = 63EFEBD51A82DC2C00002886;
			remoteInfo = Harmonikr;
		};
/* End PBXContainerItemProxy section */

/* Begin PBXFileReference section */
		63140A8326ACAB8100727916 /* SamplingType.swift */ = {isa = PBXFileReference; lastKnownFileType = sourcecode.swift; name = SamplingType.swift; path = gfx/SamplingType.swift; sourceTree = "<group>"; };
		6372C1CB269397AC00D9FC11 /* Util.swift */ = {isa = PBXFileReference; lastKnownFileType = sourcecode.swift; name = Util.swift; path = util/Util.swift; sourceTree = "<group>"; };
		6372C1D72695C38E00D9FC11 /* ImageTypes.swift */ = {isa = PBXFileReference; lastKnownFileType = sourcecode.swift; name = ImageTypes.swift; path = gfx/ImageTypes.swift; sourceTree = "<group>"; };
		637D7BEB1A9E761A00DD1633 /* spharmDocument.icns */ = {isa = PBXFileReference; lastKnownFileType = image.icns; name = spharmDocument.icns; path = Resources/spharmDocument.icns; sourceTree = "<group>"; };
		63BF50381A89837C006F41A9 /* Matrix.swift */ = {isa = PBXFileReference; fileEncoding = 4; lastKnownFileType = sourcecode.swift; name = Matrix.swift; path = math/Matrix.swift; sourceTree = "<group>"; };
		63C0B1EA1AA1E40300035E53 /* compute-cubemap.png */ = {isa = PBXFileReference; lastKnownFileType = image.png; name = "compute-cubemap.png"; path = "Resources/compute-cubemap.png"; sourceTree = "<group>"; };
		63C0B1EB1AA1E40300035E53 /* compute-irradiance.png */ = {isa = PBXFileReference; lastKnownFileType = image.png; name = "compute-irradiance.png"; path = "Resources/compute-irradiance.png"; sourceTree = "<group>"; };
		63C0B1EC1AA1E40300035E53 /* compute-sh.png */ = {isa = PBXFileReference; lastKnownFileType = image.png; name = "compute-sh.png"; path = "Resources/compute-sh.png"; sourceTree = "<group>"; };
		63C0B1ED1AA1E40300035E53 /* save-spheremap.png */ = {isa = PBXFileReference; lastKnownFileType = image.png; name = "save-spheremap.png"; path = "Resources/save-spheremap.png"; sourceTree = "<group>"; };
		63D490E61A85865F00532F62 /* CubeMap.swift */ = {isa = PBXFileReference; fileEncoding = 4; lastKnownFileType = sourcecode.swift; name = CubeMap.swift; path = gfx/CubeMap.swift; sourceTree = "<group>"; };
		63D490E81A860C8A00532F62 /* ImageSampler.swift */ = {isa = PBXFileReference; fileEncoding = 4; lastKnownFileType = sourcecode.swift; name = ImageSampler.swift; path = gfx/ImageSampler.swift; sourceTree = "<group>"; };
		63D490EB1A86CCF400532F62 /* Vector.swift */ = {isa = PBXFileReference; fileEncoding = 4; lastKnownFileType = sourcecode.swift; name = Vector.swift; path = math/Vector.swift; sourceTree = "<group>"; };
		63D490ED1A86D64700532F62 /* Math.swift */ = {isa = PBXFileReference; fileEncoding = 4; lastKnownFileType = sourcecode.swift; name = Math.swift; path = math/Math.swift; sourceTree = "<group>"; };
		63D490EF1A86DF8300532F62 /* Spherical.swift */ = {isa = PBXFileReference; fileEncoding = 4; lastKnownFileType = sourcecode.swift; name = Spherical.swift; path = math/Spherical.swift; sourceTree = "<group>"; };
		63D490F11A87829C00532F62 /* SphericalHarmonics.swift */ = {isa = PBXFileReference; fileEncoding = 4; lastKnownFileType = sourcecode.swift; lineEnding = 0; name = SphericalHarmonics.swift; path = math/SphericalHarmonics.swift; sourceTree = "<group>"; xcLanguageSpecificationIdentifier = xcode.lang.swift; };
		63E2EDA31A9A51540002216C /* Color.swift */ = {isa = PBXFileReference; fileEncoding = 4; lastKnownFileType = sourcecode.swift; name = Color.swift; path = math/Color.swift; sourceTree = "<group>"; };
		63E37EC3269CCB290067C029 /* SideCrossCubeMap.swift */ = {isa = PBXFileReference; lastKnownFileType = sourcecode.swift; name = SideCrossCubeMap.swift; path = gfx/SideCrossCubeMap.swift; sourceTree = "<group>"; };
		63E37EC9269F85E30067C029 /* Rgbe.swift */ = {isa = PBXFileReference; lastKnownFileType = sourcecode.swift; path = Rgbe.swift; sourceTree = "<group>"; };
		63EFEBD61A82DC2C00002886 /* Harmonikr.app */ = {isa = PBXFileReference; explicitFileType = wrapper.application; includeInIndex = 0; path = Harmonikr.app; sourceTree = BUILT_PRODUCTS_DIR; };
		63EFEBDA1A82DC2C00002886 /* Info.plist */ = {isa = PBXFileReference; lastKnownFileType = text.plist.xml; path = Info.plist; sourceTree = "<group>"; };
		63EFEBDB1A82DC2C00002886 /* AppDelegate.swift */ = {isa = PBXFileReference; lastKnownFileType = sourcecode.swift; path = AppDelegate.swift; sourceTree = "<group>"; };
		63EFEBDD1A82DC2C00002886 /* Document.swift */ = {isa = PBXFileReference; lastKnownFileType = sourcecode.swift; path = Document.swift; sourceTree = "<group>"; };
		63EFEBE01A82DC2C00002886 /* Base */ = {isa = PBXFileReference; lastKnownFileType = file.xib; name = Base; path = Base.lproj/Document.xib; sourceTree = "<group>"; };
		63EFEBE21A82DC2C00002886 /* Images.xcassets */ = {isa = PBXFileReference; lastKnownFileType = folder.assetcatalog; path = Images.xcassets; sourceTree = "<group>"; };
		63EFEBE51A82DC2C00002886 /* Base */ = {isa = PBXFileReference; lastKnownFileType = file.xib; name = Base; path = Base.lproj/MainMenu.xib; sourceTree = "<group>"; };
		63EFEBEB1A82DC2C00002886 /* HarmonikrTests.xctest */ = {isa = PBXFileReference; explicitFileType = wrapper.cfbundle; includeInIndex = 0; path = HarmonikrTests.xctest; sourceTree = BUILT_PRODUCTS_DIR; };
		63EFEBF01A82DC2C00002886 /* Info.plist */ = {isa = PBXFileReference; lastKnownFileType = text.plist.xml; path = Info.plist; sourceTree = "<group>"; };
		63EFEBF11A82DC2C00002886 /* HarmonikrTests.swift */ = {isa = PBXFileReference; lastKnownFileType = sourcecode.swift; path = HarmonikrTests.swift; sourceTree = "<group>"; };
		63EFEBFC1A8425BE00002886 /* SphereMap.swift */ = {isa = PBXFileReference; fileEncoding = 4; lastKnownFileType = sourcecode.swift; name = SphereMap.swift; path = gfx/SphereMap.swift; sourceTree = "<group>"; };
		63F262B026ADCA8A00812E15 /* Image+Ext.swift */ = {isa = PBXFileReference; lastKnownFileType = sourcecode.swift; name = "Image+Ext.swift"; path = "gfx/Image+Ext.swift"; sourceTree = "<group>"; };
/* End PBXFileReference section */

/* Begin PBXFrameworksBuildPhase section */
		63EFEBD31A82DC2C00002886 /* Frameworks */ = {
			isa = PBXFrameworksBuildPhase;
			buildActionMask = 2147483647;
			files = (
			);
			runOnlyForDeploymentPostprocessing = 0;
		};
		63EFEBE81A82DC2C00002886 /* Frameworks */ = {
			isa = PBXFrameworksBuildPhase;
			buildActionMask = 2147483647;
			files = (
			);
			runOnlyForDeploymentPostprocessing = 0;
		};
/* End PBXFrameworksBuildPhase section */

/* Begin PBXGroup section */
		6372C1CA2693977900D9FC11 /* util */ = {
			isa = PBXGroup;
			children = (
				6372C1CB269397AC00D9FC11 /* Util.swift */,
			);
			name = util;
			sourceTree = "<group>";
		};
		63D490EA1A86CCD100532F62 /* math */ = {
			isa = PBXGroup;
			children = (
				63D490EB1A86CCF400532F62 /* Vector.swift */,
				63D490ED1A86D64700532F62 /* Math.swift */,
				63D490EF1A86DF8300532F62 /* Spherical.swift */,
				63D490F11A87829C00532F62 /* SphericalHarmonics.swift */,
				63BF50381A89837C006F41A9 /* Matrix.swift */,
				63E2EDA31A9A51540002216C /* Color.swift */,
			);
			name = math;
			sourceTree = "<group>";
		};
		63E2EDA51A9A9B3A0002216C /* Resources */ = {
			isa = PBXGroup;
			children = (
				63C0B1EA1AA1E40300035E53 /* compute-cubemap.png */,
				63C0B1EB1AA1E40300035E53 /* compute-irradiance.png */,
				63C0B1EC1AA1E40300035E53 /* compute-sh.png */,
				63C0B1ED1AA1E40300035E53 /* save-spheremap.png */,
				637D7BEB1A9E761A00DD1633 /* spharmDocument.icns */,
			);
			name = Resources;
			sourceTree = "<group>";
		};
		63EFEBCD1A82DC2C00002886 = {
			isa = PBXGroup;
			children = (
				63EFEBD81A82DC2C00002886 /* Harmonikr */,
				63EFEBEE1A82DC2C00002886 /* HarmonikrTests */,
				63EFEBD71A82DC2C00002886 /* Products */,
			);
			sourceTree = "<group>";
		};
		63EFEBD71A82DC2C00002886 /* Products */ = {
			isa = PBXGroup;
			children = (
				63EFEBD61A82DC2C00002886 /* Harmonikr.app */,
				63EFEBEB1A82DC2C00002886 /* HarmonikrTests.xctest */,
			);
			name = Products;
			sourceTree = "<group>";
		};
		63EFEBD81A82DC2C00002886 /* Harmonikr */ = {
			isa = PBXGroup;
			children = (
				6372C1CA2693977900D9FC11 /* util */,
				63E2EDA51A9A9B3A0002216C /* Resources */,
				63D490EA1A86CCD100532F62 /* math */,
				63EFEBFB1A84256300002886 /* gfx */,
				63EFEBDB1A82DC2C00002886 /* AppDelegate.swift */,
				63EFEBDD1A82DC2C00002886 /* Document.swift */,
				63EFEBDF1A82DC2C00002886 /* Document.xib */,
				63EFEBE21A82DC2C00002886 /* Images.xcassets */,
				63EFEBE41A82DC2C00002886 /* MainMenu.xib */,
				63EFEBD91A82DC2C00002886 /* Supporting Files */,
			);
			path = Harmonikr;
			sourceTree = "<group>";
		};
		63EFEBD91A82DC2C00002886 /* Supporting Files */ = {
			isa = PBXGroup;
			children = (
				63EFEBDA1A82DC2C00002886 /* Info.plist */,
			);
			name = "Supporting Files";
			sourceTree = "<group>";
		};
		63EFEBEE1A82DC2C00002886 /* HarmonikrTests */ = {
			isa = PBXGroup;
			children = (
				63EFEBF11A82DC2C00002886 /* HarmonikrTests.swift */,
				63EFEBEF1A82DC2C00002886 /* Supporting Files */,
			);
			path = HarmonikrTests;
			sourceTree = "<group>";
		};
		63EFEBEF1A82DC2C00002886 /* Supporting Files */ = {
			isa = PBXGroup;
			children = (
				63EFEBF01A82DC2C00002886 /* Info.plist */,
			);
			name = "Supporting Files";
			sourceTree = "<group>";
		};
		63EFEBFB1A84256300002886 /* gfx */ = {
			isa = PBXGroup;
			children = (
				63D490E61A85865F00532F62 /* CubeMap.swift */,
				63F262B026ADCA8A00812E15 /* Image+Ext.swift */,
				63D490E81A860C8A00532F62 /* ImageSampler.swift */,
				6372C1D72695C38E00D9FC11 /* ImageTypes.swift */,
				63E37EC9269F85E30067C029 /* Rgbe.swift */,
				63140A8326ACAB8100727916 /* SamplingType.swift */,
				63E37EC3269CCB290067C029 /* SideCrossCubeMap.swift */,
				63EFEBFC1A8425BE00002886 /* SphereMap.swift */,
			);
			name = gfx;
			sourceTree = "<group>";
		};
/* End PBXGroup section */

/* Begin PBXNativeTarget section */
		63EFEBD51A82DC2C00002886 /* Harmonikr */ = {
			isa = PBXNativeTarget;
			buildConfigurationList = 63EFEBF51A82DC2C00002886 /* Build configuration list for PBXNativeTarget "Harmonikr" */;
			buildPhases = (
				63EFEBD21A82DC2C00002886 /* Sources */,
				63EFEBD31A82DC2C00002886 /* Frameworks */,
				63EFEBD41A82DC2C00002886 /* Resources */,
			);
			buildRules = (
			);
			dependencies = (
			);
			name = Harmonikr;
			productName = Harmonikr;
			productReference = 63EFEBD61A82DC2C00002886 /* Harmonikr.app */;
			productType = "com.apple.product-type.application";
		};
		63EFEBEA1A82DC2C00002886 /* HarmonikrTests */ = {
			isa = PBXNativeTarget;
			buildConfigurationList = 63EFEBF81A82DC2C00002886 /* Build configuration list for PBXNativeTarget "HarmonikrTests" */;
			buildPhases = (
				63EFEBE71A82DC2C00002886 /* Sources */,
				63EFEBE81A82DC2C00002886 /* Frameworks */,
				63EFEBE91A82DC2C00002886 /* Resources */,
			);
			buildRules = (
			);
			dependencies = (
				63EFEBED1A82DC2C00002886 /* PBXTargetDependency */,
			);
			name = HarmonikrTests;
			productName = HarmonikrTests;
			productReference = 63EFEBEB1A82DC2C00002886 /* HarmonikrTests.xctest */;
			productType = "com.apple.product-type.bundle.unit-test";
		};
/* End PBXNativeTarget section */

/* Begin PBXProject section */
		63EFEBCE1A82DC2C00002886 /* Project object */ = {
			isa = PBXProject;
			attributes = {
				LastSwiftMigration = 0730;
				LastSwiftUpdateCheck = 0730;
				LastUpgradeCheck = 1220;
				ORGANIZATIONNAME = "David Gavilan";
				TargetAttributes = {
					63EFEBD51A82DC2C00002886 = {
						CreatedOnToolsVersion = 6.1.1;
						DevelopmentTeam = 7JBVTX94L2;
						LastSwiftMigration = 1020;
						ProvisioningStyle = Automatic;
					};
					63EFEBEA1A82DC2C00002886 = {
						CreatedOnToolsVersion = 6.1.1;
						LastSwiftMigration = 1020;
						TestTargetID = 63EFEBD51A82DC2C00002886;
					};
				};
			};
			buildConfigurationList = 63EFEBD11A82DC2C00002886 /* Build configuration list for PBXProject "Harmonikr" */;
			compatibilityVersion = "Xcode 3.2";
			developmentRegion = en;
			hasScannedForEncodings = 0;
			knownRegions = (
				en,
				Base,
			);
			mainGroup = 63EFEBCD1A82DC2C00002886;
			productRefGroup = 63EFEBD71A82DC2C00002886 /* Products */;
			projectDirPath = "";
			projectRoot = "";
			targets = (
				63EFEBD51A82DC2C00002886 /* Harmonikr */,
				63EFEBEA1A82DC2C00002886 /* HarmonikrTests */,
			);
		};
/* End PBXProject section */

/* Begin PBXResourcesBuildPhase section */
		63EFEBD41A82DC2C00002886 /* Resources */ = {
			isa = PBXResourcesBuildPhase;
			buildActionMask = 2147483647;
			files = (
				637D7BEC1A9E761A00DD1633 /* spharmDocument.icns in Resources */,
				63C0B1EF1AA1E40300035E53 /* compute-irradiance.png in Resources */,
				63C0B1F01AA1E40300035E53 /* compute-sh.png in Resources */,
				63EFEBE11A82DC2C00002886 /* Document.xib in Resources */,
				63EFEBE31A82DC2C00002886 /* Images.xcassets in Resources */,
				63EFEBE61A82DC2C00002886 /* MainMenu.xib in Resources */,
				63C0B1F11AA1E40300035E53 /* save-spheremap.png in Resources */,
				63C0B1EE1AA1E40300035E53 /* compute-cubemap.png in Resources */,
			);
			runOnlyForDeploymentPostprocessing = 0;
		};
		63EFEBE91A82DC2C00002886 /* Resources */ = {
			isa = PBXResourcesBuildPhase;
			buildActionMask = 2147483647;
			files = (
			);
			runOnlyForDeploymentPostprocessing = 0;
		};
/* End PBXResourcesBuildPhase section */

/* Begin PBXSourcesBuildPhase section */
		63EFEBD21A82DC2C00002886 /* Sources */ = {
			isa = PBXSourcesBuildPhase;
			buildActionMask = 2147483647;
			files = (
				63F262B126ADCA8A00812E15 /* Image+Ext.swift in Sources */,
				63EFEBDE1A82DC2C00002886 /* Document.swift in Sources */,
				63D490F21A87829C00532F62 /* SphericalHarmonics.swift in Sources */,
				63E2EDA41A9A51540002216C /* Color.swift in Sources */,
				63D490E71A85865F00532F62 /* CubeMap.swift in Sources */,
				63EFEBDC1A82DC2C00002886 /* AppDelegate.swift in Sources */,
				63D490EE1A86D64700532F62 /* Math.swift in Sources */,
				63D490E91A860C8A00532F62 /* ImageSampler.swift in Sources */,
				6372C1CC269397AC00D9FC11 /* Util.swift in Sources */,
				63BF50391A89837C006F41A9 /* Matrix.swift in Sources */,
				63E37EC4269CCB290067C029 /* SideCrossCubeMap.swift in Sources */,
				63140A8426ACAB8100727916 /* SamplingType.swift in Sources */,
				63D490F01A86DF8300532F62 /* Spherical.swift in Sources */,
				63E37ECA269F85E30067C029 /* Rgbe.swift in Sources */,
				6372C1D82695C38E00D9FC11 /* ImageTypes.swift in Sources */,
				63D490EC1A86CCF400532F62 /* Vector.swift in Sources */,
				63EFEBFD1A8425BE00002886 /* SphereMap.swift in Sources */,
			);
			runOnlyForDeploymentPostprocessing = 0;
		};
		63EFEBE71A82DC2C00002886 /* Sources */ = {
			isa = PBXSourcesBuildPhase;
			buildActionMask = 2147483647;
			files = (
				63EFEBF21A82DC2C00002886 /* HarmonikrTests.swift in Sources */,
			);
			runOnlyForDeploymentPostprocessing = 0;
		};
/* End PBXSourcesBuildPhase section */

/* Begin PBXTargetDependency section */
		63EFEBED1A82DC2C00002886 /* PBXTargetDependency */ = {
			isa = PBXTargetDependency;
			target = 63EFEBD51A82DC2C00002886 /* Harmonikr */;
			targetProxy = 63EFEBEC1A82DC2C00002886 /* PBXContainerItemProxy */;
		};
/* End PBXTargetDependency section */

/* Begin PBXVariantGroup section */
		63EFEBDF1A82DC2C00002886 /* Document.xib */ = {
			isa = PBXVariantGroup;
			children = (
				63EFEBE01A82DC2C00002886 /* Base */,
			);
			name = Document.xib;
			sourceTree = "<group>";
		};
		63EFEBE41A82DC2C00002886 /* MainMenu.xib */ = {
			isa = PBXVariantGroup;
			children = (
				63EFEBE51A82DC2C00002886 /* Base */,
			);
			name = MainMenu.xib;
			sourceTree = "<group>";
		};
/* End PBXVariantGroup section */

/* Begin XCBuildConfiguration section */
		63EFEBF31A82DC2C00002886 /* Debug */ = {
			isa = XCBuildConfiguration;
			buildSettings = {
				ALWAYS_SEARCH_USER_PATHS = NO;
				CLANG_ANALYZER_LOCALIZABILITY_NONLOCALIZED = YES;
				CLANG_CXX_LANGUAGE_STANDARD = "gnu++0x";
				CLANG_CXX_LIBRARY = "libc++";
				CLANG_ENABLE_MODULES = YES;
				CLANG_ENABLE_OBJC_ARC = YES;
				CLANG_WARN_BLOCK_CAPTURE_AUTORELEASING = YES;
				CLANG_WARN_BOOL_CONVERSION = YES;
				CLANG_WARN_COMMA = YES;
				CLANG_WARN_CONSTANT_CONVERSION = YES;
				CLANG_WARN_DEPRECATED_OBJC_IMPLEMENTATIONS = YES;
				CLANG_WARN_DIRECT_OBJC_ISA_USAGE = YES_ERROR;
				CLANG_WARN_EMPTY_BODY = YES;
				CLANG_WARN_ENUM_CONVERSION = YES;
				CLANG_WARN_INFINITE_RECURSION = YES;
				CLANG_WARN_INT_CONVERSION = YES;
				CLANG_WARN_NON_LITERAL_NULL_CONVERSION = YES;
				CLANG_WARN_OBJC_IMPLICIT_RETAIN_SELF = YES;
				CLANG_WARN_OBJC_LITERAL_CONVERSION = YES;
				CLANG_WARN_OBJC_ROOT_CLASS = YES_ERROR;
				CLANG_WARN_QUOTED_INCLUDE_IN_FRAMEWORK_HEADER = YES;
				CLANG_WARN_RANGE_LOOP_ANALYSIS = YES;
				CLANG_WARN_STRICT_PROTOTYPES = YES;
				CLANG_WARN_SUSPICIOUS_MOVE = YES;
				CLANG_WARN_UNREACHABLE_CODE = YES;
				CLANG_WARN__DUPLICATE_METHOD_MATCH = YES;
				CODE_SIGN_IDENTITY = "-";
				COPY_PHASE_STRIP = NO;
				ENABLE_STRICT_OBJC_MSGSEND = YES;
				ENABLE_TESTABILITY = YES;
				GCC_C_LANGUAGE_STANDARD = gnu99;
				GCC_DYNAMIC_NO_PIC = NO;
				GCC_NO_COMMON_BLOCKS = YES;
				GCC_OPTIMIZATION_LEVEL = 0;
				GCC_PREPROCESSOR_DEFINITIONS = (
					"DEBUG=1",
					"$(inherited)",
				);
				GCC_SYMBOLS_PRIVATE_EXTERN = NO;
				GCC_WARN_64_TO_32_BIT_CONVERSION = YES;
				GCC_WARN_ABOUT_RETURN_TYPE = YES_ERROR;
				GCC_WARN_UNDECLARED_SELECTOR = YES;
				GCC_WARN_UNINITIALIZED_AUTOS = YES_AGGRESSIVE;
				GCC_WARN_UNUSED_FUNCTION = YES;
				GCC_WARN_UNUSED_VARIABLE = YES;
				MACOSX_DEPLOYMENT_TARGET = 10.15;
				MTL_ENABLE_DEBUG_INFO = YES;
				ONLY_ACTIVE_ARCH = YES;
				SDKROOT = macosx;
				SWIFT_OPTIMIZATION_LEVEL = "-Onone";
				SWIFT_VERSION = 4.0;
			};
			name = Debug;
		};
		63EFEBF41A82DC2C00002886 /* Release */ = {
			isa = XCBuildConfiguration;
			buildSettings = {
				ALWAYS_SEARCH_USER_PATHS = NO;
				CLANG_ANALYZER_LOCALIZABILITY_NONLOCALIZED = YES;
				CLANG_CXX_LANGUAGE_STANDARD = "gnu++0x";
				CLANG_CXX_LIBRARY = "libc++";
				CLANG_ENABLE_MODULES = YES;
				CLANG_ENABLE_OBJC_ARC = YES;
				CLANG_WARN_BLOCK_CAPTURE_AUTORELEASING = YES;
				CLANG_WARN_BOOL_CONVERSION = YES;
				CLANG_WARN_COMMA = YES;
				CLANG_WARN_CONSTANT_CONVERSION = YES;
				CLANG_WARN_DEPRECATED_OBJC_IMPLEMENTATIONS = YES;
				CLANG_WARN_DIRECT_OBJC_ISA_USAGE = YES_ERROR;
				CLANG_WARN_EMPTY_BODY = YES;
				CLANG_WARN_ENUM_CONVERSION = YES;
				CLANG_WARN_INFINITE_RECURSION = YES;
				CLANG_WARN_INT_CONVERSION = YES;
				CLANG_WARN_NON_LITERAL_NULL_CONVERSION = YES;
				CLANG_WARN_OBJC_IMPLICIT_RETAIN_SELF = YES;
				CLANG_WARN_OBJC_LITERAL_CONVERSION = YES;
				CLANG_WARN_OBJC_ROOT_CLASS = YES_ERROR;
				CLANG_WARN_QUOTED_INCLUDE_IN_FRAMEWORK_HEADER = YES;
				CLANG_WARN_RANGE_LOOP_ANALYSIS = YES;
				CLANG_WARN_STRICT_PROTOTYPES = YES;
				CLANG_WARN_SUSPICIOUS_MOVE = YES;
				CLANG_WARN_UNREACHABLE_CODE = YES;
				CLANG_WARN__DUPLICATE_METHOD_MATCH = YES;
				CODE_SIGN_IDENTITY = "-";
				COPY_PHASE_STRIP = YES;
				DEBUG_INFORMATION_FORMAT = "dwarf-with-dsym";
				ENABLE_NS_ASSERTIONS = NO;
				ENABLE_STRICT_OBJC_MSGSEND = YES;
				GCC_C_LANGUAGE_STANDARD = gnu99;
				GCC_NO_COMMON_BLOCKS = YES;
				GCC_WARN_64_TO_32_BIT_CONVERSION = YES;
				GCC_WARN_ABOUT_RETURN_TYPE = YES_ERROR;
				GCC_WARN_UNDECLARED_SELECTOR = YES;
				GCC_WARN_UNINITIALIZED_AUTOS = YES_AGGRESSIVE;
				GCC_WARN_UNUSED_FUNCTION = YES;
				GCC_WARN_UNUSED_VARIABLE = YES;
				MACOSX_DEPLOYMENT_TARGET = 10.15;
				MTL_ENABLE_DEBUG_INFO = NO;
				SDKROOT = macosx;
				SWIFT_OPTIMIZATION_LEVEL = "-Owholemodule";
				SWIFT_VERSION = 4.0;
			};
			name = Release;
		};
		63EFEBF61A82DC2C00002886 /* Debug */ = {
			isa = XCBuildConfiguration;
			buildSettings = {
				ASSETCATALOG_COMPILER_APPICON_NAME = AppIcon;
				CODE_SIGN_IDENTITY = "Mac Developer";
				CODE_SIGN_STYLE = Automatic;
				COMBINE_HIDPI_IMAGES = YES;
				DEVELOPMENT_TEAM = 7JBVTX94L2;
				ENABLE_HARDENED_RUNTIME = YES;
				GCC_OPTIMIZATION_LEVEL = 0;
				INFOPLIST_FILE = Harmonikr/Info.plist;
				LD_RUNPATH_SEARCH_PATHS = "$(inherited) @executable_path/../Frameworks";
				OTHER_SWIFT_FLAGS = "-DDEBUG";
				PRODUCT_BUNDLE_IDENTIFIER = com.endavid.harmonikr;
				PRODUCT_NAME = "$(TARGET_NAME)";
				PROVISIONING_PROFILE_SPECIFIER = "";
				SWIFT_VERSION = 5.0;
			};
			name = Debug;
		};
		63EFEBF71A82DC2C00002886 /* Release */ = {
			isa = XCBuildConfiguration;
			buildSettings = {
				ASSETCATALOG_COMPILER_APPICON_NAME = AppIcon;
				CODE_SIGN_IDENTITY = "Mac Developer";
				CODE_SIGN_STYLE = Automatic;
				COMBINE_HIDPI_IMAGES = YES;
				DEVELOPMENT_TEAM = 7JBVTX94L2;
				ENABLE_HARDENED_RUNTIME = YES;
				INFOPLIST_FILE = Harmonikr/Info.plist;
				LD_RUNPATH_SEARCH_PATHS = "$(inherited) @executable_path/../Frameworks";
				PRODUCT_BUNDLE_IDENTIFIER = com.endavid.harmonikr;
				PRODUCT_NAME = "$(TARGET_NAME)";
				PROVISIONING_PROFILE_SPECIFIER = "";
				SWIFT_VERSION = 5.0;
			};
			name = Release;
		};
		63EFEBF91A82DC2C00002886 /* Debug */ = {
			isa = XCBuildConfiguration;
			buildSettings = {
				BUNDLE_LOADER = "$(TEST_HOST)";
				COMBINE_HIDPI_IMAGES = YES;
				FRAMEWORK_SEARCH_PATHS = (
					"$(DEVELOPER_FRAMEWORKS_DIR)",
					"$(inherited)",
				);
				GCC_PREPROCESSOR_DEFINITIONS = (
					"DEBUG=1",
					"$(inherited)",
				);
				INFOPLIST_FILE = HarmonikrTests/Info.plist;
				LD_RUNPATH_SEARCH_PATHS = "$(inherited) @executable_path/../Frameworks @loader_path/../Frameworks";
				PRODUCT_BUNDLE_IDENTIFIER = "vid.$(PRODUCT_NAME:rfc1034identifier)";
				PRODUCT_NAME = "$(TARGET_NAME)";
				SWIFT_VERSION = 5.0;
				TEST_HOST = "$(BUILT_PRODUCTS_DIR)/Harmonikr.app/Contents/MacOS/Harmonikr";
			};
			name = Debug;
		};
		63EFEBFA1A82DC2C00002886 /* Release */ = {
			isa = XCBuildConfiguration;
			buildSettings = {
				BUNDLE_LOADER = "$(TEST_HOST)";
				COMBINE_HIDPI_IMAGES = YES;
				FRAMEWORK_SEARCH_PATHS = (
					"$(DEVELOPER_FRAMEWORKS_DIR)",
					"$(inherited)",
				);
				INFOPLIST_FILE = HarmonikrTests/Info.plist;
				LD_RUNPATH_SEARCH_PATHS = "$(inherited) @executable_path/../Frameworks @loader_path/../Frameworks";
				PRODUCT_BUNDLE_IDENTIFIER = "vid.$(PRODUCT_NAME:rfc1034identifier)";
				PRODUCT_NAME = "$(TARGET_NAME)";
				SWIFT_VERSION = 5.0;
				TEST_HOST = "$(BUILT_PRODUCTS_DIR)/Harmonikr.app/Contents/MacOS/Harmonikr";
			};
			name = Release;
		};
/* End XCBuildConfiguration section */

/* Begin XCConfigurationList section */
		63EFEBD11A82DC2C00002886 /* Build configuration list for PBXProject "Harmonikr" */ = {
			isa = XCConfigurationList;
			buildConfigurations = (
				63EFEBF31A82DC2C00002886 /* Debug */,
				63EFEBF41A82DC2C00002886 /* Release */,
			);
			defaultConfigurationIsVisible = 0;
			defaultConfigurationName = Release;
		};
		63EFEBF51A82DC2C00002886 /* Build configuration list for PBXNativeTarget "Harmonikr" */ = {
			isa = XCConfigurationList;
			buildConfigurations = (
				63EFEBF61A82DC2C00002886 /* Debug */,
				63EFEBF71A82DC2C00002886 /* Release */,
			);
			defaultConfigurationIsVisible = 0;
			defaultConfigurationName = Release;
		};
		63EFEBF81A82DC2C00002886 /* Build configuration list for PBXNativeTarget "HarmonikrTests" */ = {
			isa = XCConfigurationList;
			buildConfigurations = (
				63EFEBF91A82DC2C00002886 /* Debug */,
				63EFEBFA1A82DC2C00002886 /* Release */,
			);
			defaultConfigurationIsVisible = 0;
			defaultConfigurationName = Release;
		};
/* End XCConfigurationList section */
	};
	rootObject = 63EFEBCE1A82DC2C00002886 /* Project object */;
}
